
Microsoft Visual Studio Solution File, Format Version 12.00
# Visual Studio 2012
Project("{8BC9CEB8-8B4A-11D0-8D11-00A0C91BC942}") = "AppExample", "AppExample.vcxproj", "{69EE785F-1D88-3354-82C3-DAE0CC9B244A}"
EndProject
Project("{8BC9CEB8-8B4A-11D0-8D11-00A0C91BC942}") = "VariableShaper", "..\..\branches\VariableShaper\VariableShaper.vcxproj", "{B8D32885-4416-434B-87CA-725241C4193A}"
EndProject
Global
	GlobalSection(SolutionConfigurationPlatforms) = preSolution
		Debug|Win32 = Debug|Win32
		Release|Win32 = Release|Win32
	EndGlobalSection
	GlobalSection(ProjectConfigurationPlatforms) = postSolution
		{69EE785F-1D88-3354-82C3-DAE0CC9B244A}.Debug|Win32.ActiveCfg = Debug|Win32
		{69EE785F-1D88-3354-82C3-DAE0CC9B244A}.Debug|Win32.Build.0 = Debug|Win32
		{69EE785F-1D88-3354-82C3-DAE0CC9B244A}.Release|Win32.ActiveCfg = Release|Win32
		{69EE785F-1D88-3354-82C3-DAE0CC9B244A}.Release|Win32.Build.0 = Release|Win32
		{B8D32885-4416-434B-87CA-725241C4193A}.Debug|Win32.ActiveCfg = Debug|Win32
		{B8D32885-4416-434B-87CA-725241C4193A}.Debug|Win32.Build.0 = Debug|Win32
		{B8D32885-4416-434B-87CA-725241C4193A}.Release|Win32.ActiveCfg = Release|Win32
		{B8D32885-4416-434B-87CA-725241C4193A}.Release|Win32.Build.0 = Release|Win32
	EndGlobalSection
	GlobalSection(SolutionProperties) = preSolution
		HideSolutionNode = FALSE
	EndGlobalSection
EndGlobal
